<Solution>
  <Project Path="Hikr.Api/Hikr.Api.csproj" Id="510fc16d-2df1-4820-9083-0133d3eada0d" />
  <Project Path="Hikr.App/Hikr.App.csproj" Id="d37aba4c-57e2-45a0-a30a-9bfeb9d65b9d">
    <Deploy Solution="Debug|*" />
  </Project>
  <Project Path="Hikr.Application/Hikr.Application.csproj" />
  <Project Path="Hikr.Domain/Hikr.Domain.csproj" />
  <Project Path="Hikr.Infrastructure/Hikr.Infrastructure.csproj" />
</Solution>
